// !$*UTF8*$!
{
	archiveVersion = 1;
	classes = {
	};
	objectVersion = 77;
	objects = {

/* Begin PBXBuildFile section */
		3EF70B3B2EF9A1ED00D91793 /* FirebaseAuth in Frameworks */ = {isa = PBXBuildFile; productRef = 3EF70B3A2EF9A1ED00D91793 /* FirebaseAuth */; };
		3EF70B3D2EF9A1ED00D91793 /* FirebaseAuthCombine-Community in Frameworks */ = {isa = PBXBuildFile; productRef = 3EF70B3C2EF9A1ED00D91793 /* FirebaseAuthCombine-Community */; };
		3EF70B3F2EF9A1ED00D91793 /* FirebaseFirestore in Frameworks */ = {isa = PBXBuildFile; productRef = 3EF70B3E2EF9A1ED00D91793 /* FirebaseFirestore */; };
		3EF70B412EF9A27E00D91793 /* GoogleService-Info.plist in Resources */ = {isa = PBXBuildFile; fileRef = 3EF70B402EF9A27E00D91793 /* GoogleService-Info.plist */; };
/* End PBXBuildFile section */

/* Begin PBXContainerItemProxy section */
		3EF70A572EF9A02D00D91793 /* PBXContainerItemProxy */ = {
			isa = PBXContainerItemProxy;
			containerPortal = 3EF70A412EF9A02C00D91793 /* Project object */;
			proxyType = 1;
			remoteGlobalIDString = 3EF70A482EF9A02C00D91793;
			remoteInfo = CookieCrusher;
		};
		3EF70A612EF9A02D00D91793 /* PBXContainerItemProxy */ = {
			isa = PBXContainerItemProxy;
			containerPortal = 3EF70A412EF9A02C00D91793 /* Project object */;
			proxyType = 1;
			remoteGlobalIDString = 3EF70A482EF9A02C00D91793;
			remoteInfo = CookieCrusher;
		};
/* End PBXContainerItemProxy section */

/* Begin PBXFileReference section */
		3EF70A492EF9A02C00D91793 /* CookieCrusher.app */ = {isa = PBXFileReference; explicitFileType = wrapper.application; includeInIndex = 0; path = CookieCrusher.app; sourceTree = BUILT_PRODUCTS_DIR; };
		3EF70A562EF9A02D00D91793 /* CookieCrusherTests.xctest */ = {isa = PBXFileReference; explicitFileType = wrapper.cfbundle; includeInIndex = 0; path = CookieCrusherTests.xctest; sourceTree = BUILT_PRODUCTS_DIR; };
		3EF70A602EF9A02D00D91793 /* CookieCrusherUITests.xctest */ = {isa = PBXFileReference; explicitFileType = wrapper.cfbundle; includeInIndex = 0; path = CookieCrusherUITests.xctest; sourceTree = BUILT_PRODUCTS_DIR; };
		3EF70B402EF9A27E00D91793 /* GoogleService-Info.plist */ = {isa = PBXFileReference; lastKnownFileType = text.plist.xml; path = "GoogleService-Info.plist"; sourceTree = "<group>"; };
/* End PBXFileReference section */

/* Begin PBXFileSystemSynchronizedBuildFileExceptionSet section */
		3EF70B7F2EF9BB0A00D91793 /* Exceptions for "CookieCrusher" folder in "CookieCrusher" target */ = {
			isa = PBXFileSystemSynchronizedBuildFileExceptionSet;
			membershipExceptions = (
				Info.plist,
			);
			target = 3EF70A482EF9A02C00D91793 /* CookieCrusher */;
		};
/* End PBXFileSystemSynchronizedBuildFileExceptionSet section */

/* Begin PBXFileSystemSynchronizedRootGroup section */
		3EF70A4B2EF9A02C00D91793 /* CookieCrusher */ = {
			isa = PBXFileSystemSynchronizedRootGroup;
			exceptions = (
				3EF70B7F2EF9BB0A00D91793 /* Exceptions for "CookieCrusher" folder in "CookieCrusher" target */,
			);
			path = CookieCrusher;
			sourceTree = "<group>";
		};
		3EF70A592EF9A02D00D91793 /* CookieCrusherTests */ = {
			isa = PBXFileSystemSynchronizedRootGroup;
			path = CookieCrusherTests;
			sourceTree = "<group>";
		};
		3EF70A632EF9A02D00D91793 /* CookieCrusherUITests */ = {
			isa = PBXFileSystemSynchronizedRootGroup;
			path = CookieCrusherUITests;
			sourceTree = "<group>";
		};
/* End PBXFileSystemSynchronizedRootGroup section */

/* Begin PBXFrameworksBuildPhase section */
		3EF70A462EF9A02C00D91793 /* Frameworks */ = {
			isa = PBXFrameworksBuildPhase;
			buildActionMask = 2147483647;
			files = (
				3EF70B3B2EF9A1ED00D91793 /* FirebaseAuth in Frameworks */,
				3EF70B3D2EF9A1ED00D91793 /* FirebaseAuthCombine-Community in Frameworks */,
				3EF70B3F2EF9A1ED00D91793 /* FirebaseFirestore in Frameworks */,
			);
			runOnlyForDeploymentPostprocessing = 0;
		};
		3EF70A532EF9A02D00D91793 /* Frameworks */ = {
			isa = PBXFrameworksBuildPhase;
			buildActionMask = 2147483647;
			files = (
			);
			runOnlyForDeploymentPostprocessing = 0;
		};
		3EF70A5D2EF9A02D00D91793 /* Frameworks */ = {
			isa = PBXFrameworksBuildPhase;
			buildActionMask = 2147483647;
			files = (
			);
			runOnlyForDeploymentPostprocessing = 0;
		};
/* End PBXFrameworksBuildPhase section */

/* Begin PBXGroup section */
		3EF70A402EF9A02C00D91793 = {
			isa = PBXGroup;
			children = (
				3EF70A4B2EF9A02C00D91793 /* CookieCrusher */,
				3EF70A592EF9A02D00D91793 /* CookieCrusherTests */,
				3EF70A632EF9A02D00D91793 /* CookieCrusherUITests */,
				3EF70A4A2EF9A02C00D91793 /* Products */,
				3EF70B402EF9A27E00D91793 /* GoogleService-Info.plist */,
			);
			sourceTree = "<group>";
		};
		3EF70A4A2EF9A02C00D91793 /* Products */ = {
			isa = PBXGroup;
			children = (
				3EF70A492EF9A02C00D91793 /* CookieCrusher.app */,
				3EF70A562EF9A02D00D91793 /* CookieCrusherTests.xctest */,
				3EF70A602EF9A02D00D91793 /* CookieCrusherUITests.xctest */,
			);
			name = Products;
			sourceTree = "<group>";
		};
/* End PBXGroup section */

/* Begin PBXNativeTarget section */
		3EF70A482EF9A02C00D91793 /* CookieCrusher */ = {
			isa = PBXNativeTarget;
			buildConfigurationList = 3EF70A6A2EF9A02D00D91793 /* Build configuration list for PBXNativeTarget "CookieCrusher" */;
			buildPhases = (
				3EF70A452EF9A02C00D91793 /* Sources */,
				3EF70A462EF9A02C00D91793 /* Frameworks */,
				3EF70A472EF9A02C00D91793 /* Resources */,
			);
			buildRules = (
			);
			dependencies = (
			);
			fileSystemSynchronizedGroups = (
				3EF70A4B2EF9A02C00D91793 /* CookieCrusher */,
			);
			name = CookieCrusher;
			packageProductDependencies = (
				3EF70B3A2EF9A1ED00D91793 /* FirebaseAuth */,
				3EF70B3C2EF9A1ED00D91793 /* FirebaseAuthCombine-Community */,
				3EF70B3E2EF9A1ED00D91793 /* FirebaseFirestore */,
			);
			productName = CookieCrusher;
			productReference = 3EF70A492EF9A02C00D91793 /* CookieCrusher.app */;
			productType = "com.apple.product-type.application";
		};
		3EF70A552EF9A02D00D91793 /* CookieCrusherTests */ = {
			isa = PBXNativeTarget;
			buildConfigurationList = 3EF70A6D2EF9A02D00D91793 /* Build configuration list for PBXNativeTarget "CookieCrusherTests" */;
			buildPhases = (
				3EF70A522EF9A02D00D91793 /* Sources */,
				3EF70A532EF9A02D00D91793 /* Frameworks */,
				3EF70A542EF9A02D00D91793 /* Resources */,
			);
			buildRules = (
			);
			dependencies = (
				3EF70A582EF9A02D00D91793 /* PBXTargetDependency */,
			);
			fileSystemSynchronizedGroups = (
				3EF70A592EF9A02D00D91793 /* CookieCrusherTests */,
			);
			name = CookieCrusherTests;
			packageProductDependencies = (
			);
			productName = CookieCrusherTests;
			productReference = 3EF70A562EF9A02D00D91793 /* CookieCrusherTests.xctest */;
			productType = "com.apple.product-type.bundle.unit-test";
		};
		3EF70A5F2EF9A02D00D91793 /* CookieCrusherUITests */ = {
			isa = PBXNativeTarget;
			buildConfigurationList = 3EF70A702EF9A02D00D91793 /* Build configuration list for PBXNativeTarget "CookieCrusherUITests" */;
			buildPhases = (
				3EF70A5C2EF9A02D00D91793 /* Sources */,
				3EF70A5D2EF9A02D00D91793 /* Frameworks */,
				3EF70A5E2EF9A02D00D91793 /* Resources */,
			);
			buildRules = (
			);
			dependencies = (
				3EF70A622EF9A02D00D91793 /* PBXTargetDependency */,
			);
			fileSystemSynchronizedGroups = (
				3EF70A632EF9A02D00D91793 /* CookieCrusherUITests */,
			);
			name = CookieCrusherUITests;
			packageProductDependencies = (
			);
			productName = CookieCrusherUITests;
			productReference = 3EF70A602EF9A02D00D91793 /* CookieCrusherUITests.xctest */;
			productType = "com.apple.product-type.bundle.ui-testing";
		};
/* End PBXNativeTarget section */

/* Begin PBXProject section */
		3EF70A412EF9A02C00D91793 /* Project object */ = {
			isa = PBXProject;
			attributes = {
				BuildIndependentTargetsInParallel = 1;
				LastSwiftUpdateCheck = 2620;
				LastUpgradeCheck = 2620;
				TargetAttributes = {
					3EF70A482EF9A02C00D91793 = {
						CreatedOnToolsVersion = 26.2;
					};
					3EF70A552EF9A02D00D91793 = {
						CreatedOnToolsVersion = 26.2;
						TestTargetID = 3EF70A482EF9A02C00D91793;
					};
					3EF70A5F2EF9A02D00D91793 = {
						CreatedOnToolsVersion = 26.2;
						TestTargetID = 3EF70A482EF9A02C00D91793;
					};
				};
			};
			buildConfigurationList = 3EF70A442EF9A02C00D91793 /* Build configuration list for PBXProject "CookieCrusher" */;
			developmentRegion = en;
			hasScannedForEncodings = 0;
			knownRegions = (
				en,
				Base,
			);
			mainGroup = 3EF70A402EF9A02C00D91793;
			minimizedProjectReferenceProxies = 1;
			packageReferences = (
				3EF70B392EF9A1ED00D91793 /* XCRemoteSwiftPackageReference "firebase-ios-sdk" */,
			);
			preferredProjectObjectVersion = 77;
			productRefGroup = 3EF70A4A2EF9A02C00D91793 /* Products */;
			projectDirPath = "";
			projectRoot = "";
			targets = (
				3EF70A482EF9A02C00D91793 /* CookieCrusher */,
				3EF70A552EF9A02D00D91793 /* CookieCrusherTests */,
				3EF70A5F2EF9A02D00D91793 /* CookieCrusherUITests */,
			);
		};
/* End PBXProject section */

/* Begin PBXResourcesBuildPhase section */
		3EF70A472EF9A02C00D91793 /* Resources */ = {
			isa = PBXResourcesBuildPhase;
			buildActionMask = 2147483647;
			files = (
				3EF70B412EF9A27E00D91793 /* GoogleService-Info.plist in Resources */,
			);
			runOnlyForDeploymentPostprocessing = 0;
		};
		3EF70A542EF9A02D00D91793 /* Resources */ = {
			isa = PBXResourcesBuildPhase;
			buildActionMask = 2147483647;
			files = (
			);
			runOnlyForDeploymentPostprocessing = 0;
		};
		3EF70A5E2EF9A02D00D91793 /* Resources */ = {
			isa = PBXResourcesBuildPhase;
			buildActionMask = 2147483647;
			files = (
			);
			runOnlyForDeploymentPostprocessing = 0;
		};
/* End PBXResourcesBuildPhase section */

/* Begin PBXSourcesBuildPhase section */
		3EF70A452EF9A02C00D91793 /* Sources */ = {
			isa = PBXSourcesBuildPhase;
			buildActionMask = 2147483647;
			files = (
			);
			runOnlyForDeploymentPostprocessing = 0;
		};
		3EF70A522EF9A02D00D91793 /* Sources */ = {
			isa = PBXSourcesBuildPhase;
			buildActionMask = 2147483647;
			files = (
			);
			runOnlyForDeploymentPostprocessing = 0;
		};
		3EF70A5C2EF9A02D00D91793 /* Sources */ = {
			isa = PBXSourcesBuildPhase;
			buildActionMask = 2147483647;
			files = (
			);
			runOnlyForDeploymentPostprocessing = 0;
		};
/* End PBXSourcesBuildPhase section */

/* Begin PBXTargetDependency section */
		3EF70A582EF9A02D00D91793 /* PBXTargetDependency */ = {
			isa = PBXTargetDependency;
			target = 3EF70A482EF9A02C00D91793 /* CookieCrusher */;
			targetProxy = 3EF70A572EF9A02D00D91793 /* PBXContainerItemProxy */;
		};
		3EF70A622EF9A02D00D91793 /* PBXTargetDependency */ = {
			isa = PBXTargetDependency;
			target = 3EF70A482EF9A02C00D91793 /* CookieCrusher */;
			targetProxy = 3EF70A612EF9A02D00D91793 /* PBXContainerItemProxy */;
		};
/* End PBXTargetDependency section */

/* Begin XCBuildConfiguration section */
		3EF70A682EF9A02D00D91793 /* Debug */ = {
			isa = XCBuildConfiguration;
			buildSettings = {
				ALWAYS_SEARCH_USER_PATHS = NO;
				ASSETCATALOG_COMPILER_GENERATE_SWIFT_ASSET_SYMBOL_EXTENSIONS = YES;
				CLANG_ANALYZER_NONNULL = YES;
				CLANG_ANALYZER_NUMBER_OBJECT_CONVERSION = YES_AGGRESSIVE;
				CLANG_CXX_LANGUAGE_STANDARD = "gnu++20";
				CLANG_ENABLE_MODULES = YES;
				CLANG_ENABLE_OBJC_ARC = YES;
				CLANG_ENABLE_OBJC_WEAK = YES;
				CLANG_WARN_BLOCK_CAPTURE_AUTORELEASING = YES;
				CLANG_WARN_BOOL_CONVERSION = YES;
				CLANG_WARN_COMMA = YES;
				CLANG_WARN_CONSTANT_CONVERSION = YES;
				CLANG_WARN_DEPRECATED_OBJC_IMPLEMENTATIONS = YES;
				CLANG_WARN_DIRECT_OBJC_ISA_USAGE = YES_ERROR;
				CLANG_WARN_DOCUMENTATION_COMMENTS = YES;
				CLANG_WARN_EMPTY_BODY = YES;
				CLANG_WARN_ENUM_CONVERSION = YES;
				CLANG_WARN_INFINITE_RECURSION = YES;
				CLANG_WARN_INT_CONVERSION = YES;
				CLANG_WARN_NON_LITERAL_NULL_CONVERSION = YES;
				CLANG_WARN_OBJC_IMPLICIT_RETAIN_SELF = YES;
				CLANG_WARN_OBJC_LITERAL_CONVERSION = YES;
				CLANG_WARN_OBJC_ROOT_CLASS = YES_ERROR;
				CLANG_WARN_QUOTED_INCLUDE_IN_FRAMEWORK_HEADER = YES;
				CLANG_WARN_RANGE_LOOP_ANALYSIS = YES;
				CLANG_WARN_STRICT_PROTOTYPES = YES;
				CLANG_WARN_SUSPICIOUS_MOVE = YES;
				CLANG_WARN_UNGUARDED_AVAILABILITY = YES_AGGRESSIVE;
				CLANG_WARN_UNREACHABLE_CODE = YES;
				CLANG_WARN__DUPLICATE_METHOD_MATCH = YES;
				COPY_PHASE_STRIP = NO;
				DEBUG_INFORMATION_FORMAT = dwarf;
				ENABLE_STRICT_OBJC_MSGSEND = YES;
				ENABLE_TESTABILITY = YES;
				ENABLE_USER_SCRIPT_SANDBOXING = YES;
				GCC_C_LANGUAGE_STANDARD = gnu17;
				GCC_DYNAMIC_NO_PIC = NO;
				GCC_NO_COMMON_BLOCKS = YES;
				GCC_OPTIMIZATION_LEVEL = 0;
				GCC_PREPROCESSOR_DEFINITIONS = (
					"DEBUG=1",
					"$(inherited)",
				);
				GCC_WARN_64_TO_32_BIT_CONVERSION = YES;
				GCC_WARN_ABOUT_RETURN_TYPE = YES_ERROR;
				GCC_WARN_UNDECLARED_SELECTOR = YES;
				GCC_WARN_UNINITIALIZED_AUTOS = YES_AGGRESSIVE;
				GCC_WARN_UNUSED_FUNCTION = YES;
				GCC_WARN_UNUSED_VARIABLE = YES;
				IPHONEOS_DEPLOYMENT_TARGET = 26.2;
				LOCALIZATION_PREFERS_STRING_CATALOGS = YES;
				MTL_ENABLE_DEBUG_INFO = INCLUDE_SOURCE;
				MTL_FAST_MATH = YES;
				ONLY_ACTIVE_ARCH = YES;
				SDKROOT = iphoneos;
				SWIFT_ACTIVE_COMPILATION_CONDITIONS = "DEBUG $(inherited)";
				SWIFT_OPTIMIZATION_LEVEL = "-Onone";
			};
			name = Debug;
		};
		3EF70A692EF9A02D00D91793 /* Release */ = {
			isa = XCBuildConfiguration;
			buildSettings = {
				ALWAYS_SEARCH_USER_PATHS = NO;
				ASSETCATALOG_COMPILER_GENERATE_SWIFT_ASSET_SYMBOL_EXTENSIONS = YES;
				CLANG_ANALYZER_NONNULL = YES;
				CLANG_ANALYZER_NUMBER_OBJECT_CONVERSION = YES_AGGRESSIVE;
				CLANG_CXX_LANGUAGE_STANDARD = "gnu++20";
				CLANG_ENABLE_MODULES = YES;
				CLANG_ENABLE_OBJC_ARC = YES;
				CLANG_ENABLE_OBJC_WEAK = YES;
				CLANG_WARN_BLOCK_CAPTURE_AUTORELEASING = YES;
				CLANG_WARN_BOOL_CONVERSION = YES;
				CLANG_WARN_COMMA = YES;
				CLANG_WARN_CONSTANT_CONVERSION = YES;
				CLANG_WARN_DEPRECATED_OBJC_IMPLEMENTATIONS = YES;
				CLANG_WARN_DIRECT_OBJC_ISA_USAGE = YES_ERROR;
				CLANG_WARN_DOCUMENTATION_COMMENTS = YES;
				CLANG_WARN_EMPTY_BODY = YES;
				CLANG_WARN_ENUM_CONVERSION = YES;
				CLANG_WARN_INFINITE_RECURSION = YES;
				CLANG_WARN_INT_CONVERSION = YES;
				CLANG_WARN_NON_LITERAL_NULL_CONVERSION = YES;
				CLANG_WARN_OBJC_IMPLICIT_RETAIN_SELF = YES;
				CLANG_WARN_OBJC_LITERAL_CONVERSION = YES;
				CLANG_WARN_OBJC_ROOT_CLASS = YES_ERROR;
				CLANG_WARN_QUOTED_INCLUDE_IN_FRAMEWORK_HEADER = YES;
				CLANG_WARN_RANGE_LOOP_ANALYSIS = YES;
				CLANG_WARN_STRICT_PROTOTYPES = YES;
				CLANG_WARN_SUSPICIOUS_MOVE = YES;
				CLANG_WARN_UNGUARDED_AVAILABILITY = YES_AGGRESSIVE;
				CLANG_WARN_UNREACHABLE_CODE = YES;
				CLANG_WARN__DUPLICATE_METHOD_MATCH = YES;
				COPY_PHASE_STRIP = NO;
				DEBUG_INFORMATION_FORMAT = "dwarf-with-dsym";
				ENABLE_NS_ASSERTIONS = NO;
				ENABLE_STRICT_OBJC_MSGSEND = YES;
				ENABLE_USER_SCRIPT_SANDBOXING = YES;
				GCC_C_LANGUAGE_STANDARD = gnu17;
				GCC_NO_COMMON_BLOCKS = YES;
				GCC_WARN_64_TO_32_BIT_CONVERSION = YES;
				GCC_WARN_ABOUT_RETURN_TYPE = YES_ERROR;
				GCC_WARN_UNDECLARED_SELECTOR = YES;
				GCC_WARN_UNINITIALIZED_AUTOS = YES_AGGRESSIVE;
				GCC_WARN_UNUSED_FUNCTION = YES;
				GCC_WARN_UNUSED_VARIABLE = YES;
				IPHONEOS_DEPLOYMENT_TARGET = 26.2;
				LOCALIZATION_PREFERS_STRING_CATALOGS = YES;
				MTL_ENABLE_DEBUG_INFO = NO;
				MTL_FAST_MATH = YES;
				SDKROOT = iphoneos;
				SWIFT_COMPILATION_MODE = wholemodule;
				VALIDATE_PRODUCT = YES;
			};
			name = Release;
		};
		3EF70A6B2EF9A02D00D91793 /* Debug */ = {
			isa = XCBuildConfiguration;
			buildSettings = {
				ASSETCATALOG_COMPILER_APPICON_NAME = AppIcon;
				ASSETCATALOG_COMPILER_GLOBAL_ACCENT_COLOR_NAME = AccentColor;
				CODE_SIGN_STYLE = Automatic;
				CURRENT_PROJECT_VERSION = 1;
				DEVELOPMENT_TEAM = LGLPS4J473;
				ENABLE_PREVIEWS = YES;
				GENERATE_INFOPLIST_FILE = YES;
				INFOPLIST_FILE = CookieCrusher/Info.plist;
				INFOPLIST_KEY_LSApplicationCategoryType = "";
				INFOPLIST_KEY_UIApplicationSceneManifest_Generation = YES;
				INFOPLIST_KEY_UIApplicationSupportsIndirectInputEvents = YES;
				INFOPLIST_KEY_UILaunchScreen_Generation = YES;
				INFOPLIST_KEY_UISupportedInterfaceOrientations_iPad = "UIInterfaceOrientationPortrait UIInterfaceOrientationPortraitUpsideDown UIInterfaceOrientationLandscapeLeft UIInterfaceOrientationLandscapeRight";
				INFOPLIST_KEY_UISupportedInterfaceOrientations_iPhone = "UIInterfaceOrientationPortrait UIInterfaceOrientationLandscapeLeft UIInterfaceOrientationLandscapeRight";
				LD_RUNPATH_SEARCH_PATHS = (
					"$(inherited)",
					"@executable_path/Frameworks",
				);
				MARKETING_VERSION = 1.0;
				PRODUCT_BUNDLE_IDENTIFIER = com.mendelu.CookieCrusher;
				PRODUCT_NAME = "$(TARGET_NAME)";
				STRING_CATALOG_GENERATE_SYMBOLS = YES;
				SWIFT_APPROACHABLE_CONCURRENCY = YES;
				SWIFT_DEFAULT_ACTOR_ISOLATION = MainActor;
				SWIFT_EMIT_LOC_STRINGS = YES;
				SWIFT_UPCOMING_FEATURE_MEMBER_IMPORT_VISIBILITY = YES;
				SWIFT_VERSION = 5.0;
				TARGETED_DEVICE_FAMILY = "1,2";
			};
			name = Debug;
		};
		3EF70A6C2EF9A02D00D91793 /* Release */ = {
			isa = XCBuildConfiguration;
			buildSettings = {
				ASSETCATALOG_COMPILER_APPICON_NAME = AppIcon;
				ASSETCATALOG_COMPILER_GLOBAL_ACCENT_COLOR_NAME = AccentColor;
				CODE_SIGN_STYLE = Automatic;
				CURRENT_PROJECT_VERSION = 1;
				DEVELOPMENT_TEAM = LGLPS4J473;
				ENABLE_PREVIEWS = YES;
				GENERATE_INFOPLIST_FILE = YES;
				INFOPLIST_FILE = CookieCrusher/Info.plist;
				INFOPLIST_KEY_LSApplicationCategoryType = "";
				INFOPLIST_KEY_UIApplicationSceneManifest_Generation = YES;
				INFOPLIST_KEY_UIApplicationSupportsIndirectInputEvents = YES;
				INFOPLIST_KEY_UILaunchScreen_Generation = YES;
				INFOPLIST_KEY_UISupportedInterfaceOrientations_iPad = "UIInterfaceOrientationPortrait UIInterfaceOrientationPortraitUpsideDown UIInterfaceOrientationLandscapeLeft UIInterfaceOrientationLandscapeRight";
				INFOPLIST_KEY_UISupportedInterfaceOrientations_iPhone = "UIInterfaceOrientationPortrait UIInterfaceOrientationLandscapeLeft UIInterfaceOrientationLandscapeRight";
				LD_RUNPATH_SEARCH_PATHS = (
					"$(inherited)",
					"@executable_path/Frameworks",
				);
				MARKETING_VERSION = 1.0;
				PRODUCT_BUNDLE_IDENTIFIER = com.mendelu.CookieCrusher;
				PRODUCT_NAME = "$(TARGET_NAME)";
				STRING_CATALOG_GENERATE_SYMBOLS = YES;
				SWIFT_APPROACHABLE_CONCURRENCY = YES;
				SWIFT_DEFAULT_ACTOR_ISOLATION = MainActor;
				SWIFT_EMIT_LOC_STRINGS = YES;
				SWIFT_UPCOMING_FEATURE_MEMBER_IMPORT_VISIBILITY = YES;
				SWIFT_VERSION = 5.0;
				TARGETED_DEVICE_FAMILY = "1,2";
			};
			name = Release;
		};
		3EF70A6E2EF9A02D00D91793 /* Debug */ = {
			isa = XCBuildConfiguration;
			buildSettings = {
				BUNDLE_LOADER = "$(TEST_HOST)";
				CODE_SIGN_STYLE = Automatic;
				CURRENT_PROJECT_VERSION = 1;
				GENERATE_INFOPLIST_FILE = YES;
				IPHONEOS_DEPLOYMENT_TARGET = 26.2;
				MARKETING_VERSION = 1.0;
				PRODUCT_BUNDLE_IDENTIFIER = cz.mendelu.CookieCrusherTests;
				PRODUCT_NAME = "$(TARGET_NAME)";
				STRING_CATALOG_GENERATE_SYMBOLS = NO;
				SWIFT_APPROACHABLE_CONCURRENCY = YES;
				SWIFT_EMIT_LOC_STRINGS = NO;
				SWIFT_UPCOMING_FEATURE_MEMBER_IMPORT_VISIBILITY = YES;
				SWIFT_VERSION = 5.0;
				TARGETED_DEVICE_FAMILY = "1,2";
				TEST_HOST = "$(BUILT_PRODUCTS_DIR)/CookieCrusher.app/$(BUNDLE_EXECUTABLE_FOLDER_PATH)/CookieCrusher";
			};
			name = Debug;
		};
		3EF70A6F2EF9A02D00D91793 /* Release */ = {
			isa = XCBuildConfiguration;
			buildSettings = {
				BUNDLE_LOADER = "$(TEST_HOST)";
				CODE_SIGN_STYLE = Automatic;
				CURRENT_PROJECT_VERSION = 1;
				GENERATE_INFOPLIST_FILE = YES;
				IPHONEOS_DEPLOYMENT_TARGET = 26.2;
				MARKETING_VERSION = 1.0;
				PRODUCT_BUNDLE_IDENTIFIER = cz.mendelu.CookieCrusherTests;
				PRODUCT_NAME = "$(TARGET_NAME)";
				STRING_CATALOG_GENERATE_SYMBOLS = NO;
				SWIFT_APPROACHABLE_CONCURRENCY = YES;
				SWIFT_EMIT_LOC_STRINGS = NO;
				SWIFT_UPCOMING_FEATURE_MEMBER_IMPORT_VISIBILITY = YES;
				SWIFT_VERSION = 5.0;
				TARGETED_DEVICE_FAMILY = "1,2";
				TEST_HOST = "$(BUILT_PRODUCTS_DIR)/CookieCrusher.app/$(BUNDLE_EXECUTABLE_FOLDER_PATH)/CookieCrusher";
			};
			name = Release;
		};
		3EF70A712EF9A02D00D91793 /* Debug */ = {
			isa = XCBuildConfiguration;
			buildSettings = {
				CODE_SIGN_STYLE = Automatic;
				CURRENT_PROJECT_VERSION = 1;
				GENERATE_INFOPLIST_FILE = YES;
				MARKETING_VERSION = 1.0;
				PRODUCT_BUNDLE_IDENTIFIER = cz.mendelu.CookieCrusherUITests;
				PRODUCT_NAME = "$(TARGET_NAME)";
				STRING_CATALOG_GENERATE_SYMBOLS = NO;
				SWIFT_APPROACHABLE_CONCURRENCY = YES;
				SWIFT_EMIT_LOC_STRINGS = NO;
				SWIFT_UPCOMING_FEATURE_MEMBER_IMPORT_VISIBILITY = YES;
				SWIFT_VERSION = 5.0;
				TARGETED_DEVICE_FAMILY = "1,2";
				TEST_TARGET_NAME = CookieCrusher;
			};
			name = Debug;
		};
		3EF70A722EF9A02D00D91793 /* Release */ = {
			isa = XCBuildConfiguration;
			buildSettings = {
				CODE_SIGN_STYLE = Automatic;
				CURRENT_PROJECT_VERSION = 1;
				GENERATE_INFOPLIST_FILE = YES;
				MARKETING_VERSION = 1.0;
				PRODUCT_BUNDLE_IDENTIFIER = cz.mendelu.CookieCrusherUITests;
				PRODUCT_NAME = "$(TARGET_NAME)";
				STRING_CATALOG_GENERATE_SYMBOLS = NO;
				SWIFT_APPROACHABLE_CONCURRENCY = YES;
				SWIFT_EMIT_LOC_STRINGS = NO;
				SWIFT_UPCOMING_FEATURE_MEMBER_IMPORT_VISIBILITY = YES;
				SWIFT_VERSION = 5.0;
				TARGETED_DEVICE_FAMILY = "1,2";
				TEST_TARGET_NAME = CookieCrusher;
			};
			name = Release;
		};
/* End XCBuildConfiguration section */

/* Begin XCConfigurationList section */
		3EF70A442EF9A02C00D91793 /* Build configuration list for PBXProject "CookieCrusher" */ = {
			isa = XCConfigurationList;
			buildConfigurations = (
				3EF70A682EF9A02D00D91793 /* Debug */,
				3EF70A692EF9A02D00D91793 /* Release */,
			);
			defaultConfigurationIsVisible = 0;
			defaultConfigurationName = Release;
		};
		3EF70A6A2EF9A02D00D91793 /* Build configuration list for PBXNativeTarget "CookieCrusher" */ = {
			isa = XCConfigurationList;
			buildConfigurations = (
				3EF70A6B2EF9A02D00D91793 /* Debug */,
				3EF70A6C2EF9A02D00D91793 /* Release */,
			);
			defaultConfigurationIsVisible = 0;
			defaultConfigurationName = Release;
		};
		3EF70A6D2EF9A02D00D91793 /* Build configuration list for PBXNativeTarget "CookieCrusherTests" */ = {
			isa = XCConfigurationList;
			buildConfigurations = (
				3EF70A6E2EF9A02D00D91793 /* Debug */,
				3EF70A6F2EF9A02D00D91793 /* Release */,
			);
			defaultConfigurationIsVisible = 0;
			defaultConfigurationName = Release;
		};
		3EF70A702EF9A02D00D91793 /* Build configuration list for PBXNativeTarget "CookieCrusherUITests" */ = {
			isa = XCConfigurationList;
			buildConfigurations = (
				3EF70A712EF9A02D00D91793 /* Debug */,
				3EF70A722EF9A02D00D91793 /* Release */,
			);
			defaultConfigurationIsVisible = 0;
			defaultConfigurationName = Release;
		};
/* End XCConfigurationList section */

/* Begin XCRemoteSwiftPackageReference section */
		3EF70B392EF9A1ED00D91793 /* XCRemoteSwiftPackageReference "firebase-ios-sdk" */ = {
			isa = XCRemoteSwiftPackageReference;
			repositoryURL = "https://github.com/firebase/firebase-ios-sdk";
			requirement = {
				kind = upToNextMajorVersion;
				minimumVersion = 12.7.0;
			};
		};
/* End XCRemoteSwiftPackageReference section */

/* Begin XCSwiftPackageProductDependency section */
		3EF70B3A2EF9A1ED00D91793 /* FirebaseAuth */ = {
			isa = XCSwiftPackageProductDependency;
			package = 3EF70B392EF9A1ED00D91793 /* XCRemoteSwiftPackageReference "firebase-ios-sdk" */;
			productName = FirebaseAuth;
		};
		3EF70B3C2EF9A1ED00D91793 /* FirebaseAuthCombine-Community */ = {
			isa = XCSwiftPackageProductDependency;
			package = 3EF70B392EF9A1ED00D91793 /* XCRemoteSwiftPackageReference "firebase-ios-sdk" */;
			productName = "FirebaseAuthCombine-Community";
		};
		3EF70B3E2EF9A1ED00D91793 /* FirebaseFirestore */ = {
			isa = XCSwiftPackageProductDependency;
			package = 3EF70B392EF9A1ED00D91793 /* XCRemoteSwiftPackageReference "firebase-ios-sdk" */;
			productName = FirebaseFirestore;
		};
/* End XCSwiftPackageProductDependency section */
	};
	rootObject = 3EF70A412EF9A02C00D91793 /* Project object */;
}
